schema: '2.0'
stages:
  consolidate_data:
    cmd: python src/data/consolidate.py --config configs/data/Experiment_v1.yaml
    deps:
    - path: configs/data/Experiment_v1.yaml
      hash: md5
      md5: 4dcde5f565dfdd6af6968e65686e9beb
      size: 1362
    - path: data/raw/
      hash: md5
      md5: a03005d1f627327a10372e2f4273a545.dir
      size: 9445941020
      nfiles: 23262
    - path: src/data/consolidate.py
      hash: md5
      md5: fd05c6f41fc77a2b69617db713af6949
      size: 11040
    outs:
    - path: data/processed/yolo_seg/
      hash: md5
      md5: 835d39d93ba63d5634d1b50683ea8949.dir
      size: 225
      nfiles: 1
  prep_sod_data:
    cmd: python src/data/prep_sod.py
    deps:
    - path: data/raw/CarDD_release/CarDD_SOD/
      hash: md5
      md5: d23b808353f5c0ce19a2612f01011019.dir
      size: 3077738014
      nfiles: 12005
    - path: src/data/prep_sod.py
      hash: md5
      md5: 8a1ed111ffa1312c19eaad6c67b9c3fa
      size: 3435
    outs:
    - path: data/processed/sod/
      hash: md5
      md5: 7392c0bb60c533b691eb29274c28293f.dir
      size: 3042960518
      nfiles: 8001
  tile_data:
    cmd: PYTHONPATH=. python src/data/create_tiles.py --config
      configs/pipeline_config.yaml
    deps:
    - path: configs/pipeline_config.yaml
      hash: md5
      md5: 658155d59c44ad3d191442eb674c5bc2
      size: 1105
    - path: data/processed/sod/
      hash: md5
      md5: 7392c0bb60c533b691eb29274c28293f.dir
      size: 3042960518
      nfiles: 8001
    - path: src/data/create_tiles.py
      hash: md5
      md5: 08f7bd35d4a2f45b2e4173a34616fef2
      size: 3499
    params:
      configs/pipeline_config.yaml:
        dataset.overlap_percent: 0.15
    outs:
    - path: data/processed/sod_tiled/
      hash: md5
      md5: b6c447ff9319e6e7cadb26594603b87d.dir
      size: 7416048402
      nfiles: 32001
